
Microsoft Visual Studio Solution File, Format Version 12.00
# Visual Studio 14
VisualStudioVersion = 14.0.23107.0
MinimumVisualStudioVersion = 10.0.40219.1
Project("{8BB2217D-0F2D-49D1-97BC-3654ED321F3B}") = "Adaptive.ReactiveTrader.Server.Pricing", "Adaptive.ReactiveTrader.Server.Pricing\Adaptive.ReactiveTrader.Server.Pricing.xproj", "{D5CB4C60-0AD5-4AF7-8325-51B6D268E32B}"
EndProject
Project("{8BB2217D-0F2D-49D1-97BC-3654ED321F3B}") = "Adaptive.ReactiveTrader.Transport", "Adaptive.ReactiveTrader.Transport\Adaptive.ReactiveTrader.Transport.xproj", "{0A6F43BB-118D-4D43-AD0B-E296D50BEF6C}"
EndProject
Project("{8BB2217D-0F2D-49D1-97BC-3654ED321F3B}") = "Adaptive.ReactiveTrader.Server.Reference", "Adaptive.ReactiveTrader.Server.Reference\Adaptive.ReactiveTrader.Server.Reference.xproj", "{AA9D9B8E-423F-4F03-AF50-33F3A65EB6C2}"
EndProject
Project("{8BB2217D-0F2D-49D1-97BC-3654ED321F3B}") = "Adaptive.ReactiveTrader.Server.ReferenceDataWrite", "Adaptive.ReactiveTrader.Server.ReferenceDataWrite\Adaptive.ReactiveTrader.Server.ReferenceDataWrite.xproj", "{C003F91B-7A1D-4429-AE63-3ABC67B2D4AD}"
EndProject
Global
	GlobalSection(SolutionConfigurationPlatforms) = preSolution
		Debug|Any CPU = Debug|Any CPU
		Release|Any CPU = Release|Any CPU
	EndGlobalSection
	GlobalSection(ProjectConfigurationPlatforms) = postSolution
		{D5CB4C60-0AD5-4AF7-8325-51B6D268E32B}.Debug|Any CPU.ActiveCfg = Debug|Any CPU
		{D5CB4C60-0AD5-4AF7-8325-51B6D268E32B}.Debug|Any CPU.Build.0 = Debug|Any CPU
		{D5CB4C60-0AD5-4AF7-8325-51B6D268E32B}.Release|Any CPU.ActiveCfg = Release|Any CPU
		{D5CB4C60-0AD5-4AF7-8325-51B6D268E32B}.Release|Any CPU.Build.0 = Release|Any CPU
		{0A6F43BB-118D-4D43-AD0B-E296D50BEF6C}.Debug|Any CPU.ActiveCfg = Debug|Any CPU
		{0A6F43BB-118D-4D43-AD0B-E296D50BEF6C}.Debug|Any CPU.Build.0 = Debug|Any CPU
		{0A6F43BB-118D-4D43-AD0B-E296D50BEF6C}.Release|Any CPU.ActiveCfg = Release|Any CPU
		{0A6F43BB-118D-4D43-AD0B-E296D50BEF6C}.Release|Any CPU.Build.0 = Release|Any CPU
		{AA9D9B8E-423F-4F03-AF50-33F3A65EB6C2}.Debug|Any CPU.ActiveCfg = Debug|Any CPU
		{AA9D9B8E-423F-4F03-AF50-33F3A65EB6C2}.Debug|Any CPU.Build.0 = Debug|Any CPU
		{AA9D9B8E-423F-4F03-AF50-33F3A65EB6C2}.Release|Any CPU.ActiveCfg = Release|Any CPU
		{AA9D9B8E-423F-4F03-AF50-33F3A65EB6C2}.Release|Any CPU.Build.0 = Release|Any CPU
		{C003F91B-7A1D-4429-AE63-3ABC67B2D4AD}.Debug|Any CPU.ActiveCfg = Debug|Any CPU
		{C003F91B-7A1D-4429-AE63-3ABC67B2D4AD}.Debug|Any CPU.Build.0 = Debug|Any CPU
		{C003F91B-7A1D-4429-AE63-3ABC67B2D4AD}.Release|Any CPU.ActiveCfg = Release|Any CPU
		{C003F91B-7A1D-4429-AE63-3ABC67B2D4AD}.Release|Any CPU.Build.0 = Release|Any CPU
	EndGlobalSection
	GlobalSection(SolutionProperties) = preSolution
		HideSolutionNode = FALSE
	EndGlobalSection
EndGlobal
