
Microsoft Visual Studio Solution File, Format Version 12.00
# Visual Studio 15
VisualStudioVersion = 15.0.26127.3
MinimumVisualStudioVersion = 10.0.40219.1
Project("{2150E333-8FDC-42A3-9474-1A3956D46DE8}") = "Solution Items", "Solution Items", "{08F51E3B-21F1-441B-A381-E03B99FE7728}"
	ProjectSection(SolutionItems) = preProject
		global.json = global.json
	EndProjectSection
EndProject
Project("{2150E333-8FDC-42A3-9474-1A3956D46DE8}") = "Configs", "Configs", "{9EB7F80F-1D5A-4BB2-B9B5-646541354706}"
	ProjectSection(SolutionItems) = preProject
		configs\config.dev.json = configs\config.dev.json
		configs\config.docker.json = configs\config.docker.json
		configs\config.prod.json = configs\config.prod.json
	EndProjectSection
EndProject
Project("{2150E333-8FDC-42A3-9474-1A3956D46DE8}") = "Tests", "Tests", "{2F7266E2-E44D-4F24-92E6-FD1DD57E3D39}"
EndProject
Project("{9A19103F-16F7-4668-BE54-9A1E7A4F7556}") = "Adaptive.ReactiveTrader.Server.Pricing", "Adaptive.ReactiveTrader.Server.Pricing\Adaptive.ReactiveTrader.Server.Pricing.csproj", "{D5CB4C60-0AD5-4AF7-8325-51B6D268E32B}"
EndProject
Project("{9A19103F-16F7-4668-BE54-9A1E7A4F7556}") = "Adaptive.ReactiveTrader.Messaging", "Adaptive.ReactiveTrader.Messaging\Adaptive.ReactiveTrader.Messaging.csproj", "{0A6F43BB-118D-4D43-AD0B-E296D50BEF6C}"
EndProject
Project("{9A19103F-16F7-4668-BE54-9A1E7A4F7556}") = "Adaptive.ReactiveTrader.Server.ReferenceDataWrite", "Adaptive.ReactiveTrader.Server.ReferenceDataWrite\Adaptive.ReactiveTrader.Server.ReferenceDataWrite.csproj", "{C003F91B-7A1D-4429-AE63-3ABC67B2D4AD}"
EndProject
Project("{9A19103F-16F7-4668-BE54-9A1E7A4F7556}") = "Adaptive.ReactiveTrader.Server.ReferenceDataRead", "Adaptive.ReactiveTrader.Server.ReferenceDataRead\Adaptive.ReactiveTrader.Server.ReferenceDataRead.csproj", "{E50053C2-5491-47C0-B29B-25038653F632}"
EndProject
Project("{9A19103F-16F7-4668-BE54-9A1E7A4F7556}") = "Adaptive.ReactiveTrader.Contract", "Adaptive.ReactiveTrader.Contract\Adaptive.ReactiveTrader.Contract.csproj", "{4DEE8EB8-0CE4-426F-9C46-B33F5FAF3AF7}"
EndProject
Project("{9A19103F-16F7-4668-BE54-9A1E7A4F7556}") = "Adaptive.ReactiveTrader.Server.TradeExecution", "Adaptive.ReactiveTrader.Server.TradeExecution\Adaptive.ReactiveTrader.Server.TradeExecution.csproj", "{BA647EF9-8CDB-4C40-9AE8-1546DACDFAEC}"
EndProject
Project("{9A19103F-16F7-4668-BE54-9A1E7A4F7556}") = "Adaptive.ReactiveTrader.Server.Launcher", "Adaptive.ReactiveTrader.Server.Launcher\Adaptive.ReactiveTrader.Server.Launcher.csproj", "{EF987BEC-380A-45BB-BDFE-70303E5BFB4F}"
EndProject
Project("{9A19103F-16F7-4668-BE54-9A1E7A4F7556}") = "Adaptive.ReactiveTrader.Server.Blotter", "Adaptive.ReactiveTrader.Server.Blotter\Adaptive.ReactiveTrader.Server.Blotter.csproj", "{ACB76D7B-8275-4BBE-B07A-E3D75D52B6CC}"
EndProject
Project("{9A19103F-16F7-4668-BE54-9A1E7A4F7556}") = "Adaptive.ReactiveTrader.Common", "Adaptive.ReactiveTrader.Common\Adaptive.ReactiveTrader.Common.csproj", "{3FE78B9D-BE39-434F-81A4-C92633D07D4C}"
EndProject
Project("{9A19103F-16F7-4668-BE54-9A1E7A4F7556}") = "Adaptive.ReactiveTrader.Server.Host", "Adaptive.ReactiveTrader.Server.Host\Adaptive.ReactiveTrader.Server.Host.csproj", "{7F33413F-0DD4-4B94-ACED-2321D98D4F4B}"
EndProject
Project("{9A19103F-16F7-4668-BE54-9A1E7A4F7556}") = "Adaptive.ReactiveTrader.Server.Analytics", "Adaptive.ReactiveTrader.Server.Analytics\Adaptive.ReactiveTrader.Server.Analytics.csproj", "{083C8B90-B535-4EEB-8015-1EC7C664750A}"
EndProject
Project("{9A19103F-16F7-4668-BE54-9A1E7A4F7556}") = "Adaptive.ReactiveTrader.Server.IntegrationTests", "Adaptive.ReactiveTrader.Server.IntegrationTests\Adaptive.ReactiveTrader.Server.IntegrationTests.csproj", "{E91BF503-5523-4F11-BD95-544EEE37E115}"
EndProject
Project("{9A19103F-16F7-4668-BE54-9A1E7A4F7556}") = "Adaptive.ReactiveTrader.Server.Common", "Adaptive.ReactiveTrader.Server.Common\Adaptive.ReactiveTrader.Server.Common.csproj", "{03F78A0C-36A1-4171-BB62-F22C9C2172A9}"
EndProject
Project("{9A19103F-16F7-4668-BE54-9A1E7A4F7556}") = "Adaptive.ReactiveTrader.EventStore", "Adaptive.ReactiveTrader.EventStore\Adaptive.ReactiveTrader.EventStore.csproj", "{9DB332BD-3FF8-4AE3-AD4E-46D917471B75}"
EndProject
Project("{FAE04EC0-301F-11D3-BF4B-00C04F79EFBC}") = "Adaptive.ReactiveTrader.Common.UnitTests", "Adaptive.ReactiveTrader.Common.UnitTests\Adaptive.ReactiveTrader.Common.UnitTests.csproj", "{FF264C8E-C67F-4150-964B-279C08AC3CE7}"
EndProject
Global
	GlobalSection(SolutionConfigurationPlatforms) = preSolution
		Debug|Any CPU = Debug|Any CPU
		Release|Any CPU = Release|Any CPU
	EndGlobalSection
	GlobalSection(ProjectConfigurationPlatforms) = postSolution
		{D5CB4C60-0AD5-4AF7-8325-51B6D268E32B}.Debug|Any CPU.ActiveCfg = Debug|Any CPU
		{D5CB4C60-0AD5-4AF7-8325-51B6D268E32B}.Debug|Any CPU.Build.0 = Debug|Any CPU
		{D5CB4C60-0AD5-4AF7-8325-51B6D268E32B}.Release|Any CPU.ActiveCfg = Release|Any CPU
		{D5CB4C60-0AD5-4AF7-8325-51B6D268E32B}.Release|Any CPU.Build.0 = Release|Any CPU
		{0A6F43BB-118D-4D43-AD0B-E296D50BEF6C}.Debug|Any CPU.ActiveCfg = Debug|Any CPU
		{0A6F43BB-118D-4D43-AD0B-E296D50BEF6C}.Debug|Any CPU.Build.0 = Debug|Any CPU
		{0A6F43BB-118D-4D43-AD0B-E296D50BEF6C}.Release|Any CPU.ActiveCfg = Release|Any CPU
		{0A6F43BB-118D-4D43-AD0B-E296D50BEF6C}.Release|Any CPU.Build.0 = Release|Any CPU
		{C003F91B-7A1D-4429-AE63-3ABC67B2D4AD}.Debug|Any CPU.ActiveCfg = Debug|Any CPU
		{C003F91B-7A1D-4429-AE63-3ABC67B2D4AD}.Debug|Any CPU.Build.0 = Debug|Any CPU
		{C003F91B-7A1D-4429-AE63-3ABC67B2D4AD}.Release|Any CPU.ActiveCfg = Release|Any CPU
		{C003F91B-7A1D-4429-AE63-3ABC67B2D4AD}.Release|Any CPU.Build.0 = Release|Any CPU
		{E50053C2-5491-47C0-B29B-25038653F632}.Debug|Any CPU.ActiveCfg = Debug|Any CPU
		{E50053C2-5491-47C0-B29B-25038653F632}.Debug|Any CPU.Build.0 = Debug|Any CPU
		{E50053C2-5491-47C0-B29B-25038653F632}.Release|Any CPU.ActiveCfg = Release|Any CPU
		{E50053C2-5491-47C0-B29B-25038653F632}.Release|Any CPU.Build.0 = Release|Any CPU
		{4DEE8EB8-0CE4-426F-9C46-B33F5FAF3AF7}.Debug|Any CPU.ActiveCfg = Debug|Any CPU
		{4DEE8EB8-0CE4-426F-9C46-B33F5FAF3AF7}.Debug|Any CPU.Build.0 = Debug|Any CPU
		{4DEE8EB8-0CE4-426F-9C46-B33F5FAF3AF7}.Release|Any CPU.ActiveCfg = Release|Any CPU
		{4DEE8EB8-0CE4-426F-9C46-B33F5FAF3AF7}.Release|Any CPU.Build.0 = Release|Any CPU
		{BA647EF9-8CDB-4C40-9AE8-1546DACDFAEC}.Debug|Any CPU.ActiveCfg = Debug|Any CPU
		{BA647EF9-8CDB-4C40-9AE8-1546DACDFAEC}.Debug|Any CPU.Build.0 = Debug|Any CPU
		{BA647EF9-8CDB-4C40-9AE8-1546DACDFAEC}.Release|Any CPU.ActiveCfg = Release|Any CPU
		{BA647EF9-8CDB-4C40-9AE8-1546DACDFAEC}.Release|Any CPU.Build.0 = Release|Any CPU
		{EF987BEC-380A-45BB-BDFE-70303E5BFB4F}.Debug|Any CPU.ActiveCfg = Debug|Any CPU
		{EF987BEC-380A-45BB-BDFE-70303E5BFB4F}.Debug|Any CPU.Build.0 = Debug|Any CPU
		{EF987BEC-380A-45BB-BDFE-70303E5BFB4F}.Release|Any CPU.ActiveCfg = Release|Any CPU
		{EF987BEC-380A-45BB-BDFE-70303E5BFB4F}.Release|Any CPU.Build.0 = Release|Any CPU
		{ACB76D7B-8275-4BBE-B07A-E3D75D52B6CC}.Debug|Any CPU.ActiveCfg = Debug|Any CPU
		{ACB76D7B-8275-4BBE-B07A-E3D75D52B6CC}.Debug|Any CPU.Build.0 = Debug|Any CPU
		{ACB76D7B-8275-4BBE-B07A-E3D75D52B6CC}.Release|Any CPU.ActiveCfg = Release|Any CPU
		{ACB76D7B-8275-4BBE-B07A-E3D75D52B6CC}.Release|Any CPU.Build.0 = Release|Any CPU
		{3FE78B9D-BE39-434F-81A4-C92633D07D4C}.Debug|Any CPU.ActiveCfg = Debug|Any CPU
		{3FE78B9D-BE39-434F-81A4-C92633D07D4C}.Debug|Any CPU.Build.0 = Debug|Any CPU
		{3FE78B9D-BE39-434F-81A4-C92633D07D4C}.Release|Any CPU.ActiveCfg = Release|Any CPU
		{3FE78B9D-BE39-434F-81A4-C92633D07D4C}.Release|Any CPU.Build.0 = Release|Any CPU
		{7F33413F-0DD4-4B94-ACED-2321D98D4F4B}.Debug|Any CPU.ActiveCfg = Debug|Any CPU
		{7F33413F-0DD4-4B94-ACED-2321D98D4F4B}.Debug|Any CPU.Build.0 = Debug|Any CPU
		{7F33413F-0DD4-4B94-ACED-2321D98D4F4B}.Release|Any CPU.ActiveCfg = Release|Any CPU
		{7F33413F-0DD4-4B94-ACED-2321D98D4F4B}.Release|Any CPU.Build.0 = Release|Any CPU
		{083C8B90-B535-4EEB-8015-1EC7C664750A}.Debug|Any CPU.ActiveCfg = Debug|Any CPU
		{083C8B90-B535-4EEB-8015-1EC7C664750A}.Debug|Any CPU.Build.0 = Debug|Any CPU
		{083C8B90-B535-4EEB-8015-1EC7C664750A}.Release|Any CPU.ActiveCfg = Release|Any CPU
		{083C8B90-B535-4EEB-8015-1EC7C664750A}.Release|Any CPU.Build.0 = Release|Any CPU
		{E91BF503-5523-4F11-BD95-544EEE37E115}.Debug|Any CPU.ActiveCfg = Debug|Any CPU
		{E91BF503-5523-4F11-BD95-544EEE37E115}.Debug|Any CPU.Build.0 = Debug|Any CPU
		{E91BF503-5523-4F11-BD95-544EEE37E115}.Release|Any CPU.ActiveCfg = Release|Any CPU
		{E91BF503-5523-4F11-BD95-544EEE37E115}.Release|Any CPU.Build.0 = Release|Any CPU
		{03F78A0C-36A1-4171-BB62-F22C9C2172A9}.Debug|Any CPU.ActiveCfg = Debug|Any CPU
		{03F78A0C-36A1-4171-BB62-F22C9C2172A9}.Debug|Any CPU.Build.0 = Debug|Any CPU
		{03F78A0C-36A1-4171-BB62-F22C9C2172A9}.Release|Any CPU.ActiveCfg = Release|Any CPU
		{03F78A0C-36A1-4171-BB62-F22C9C2172A9}.Release|Any CPU.Build.0 = Release|Any CPU
		{9DB332BD-3FF8-4AE3-AD4E-46D917471B75}.Debug|Any CPU.ActiveCfg = Debug|Any CPU
		{9DB332BD-3FF8-4AE3-AD4E-46D917471B75}.Debug|Any CPU.Build.0 = Debug|Any CPU
		{9DB332BD-3FF8-4AE3-AD4E-46D917471B75}.Release|Any CPU.ActiveCfg = Release|Any CPU
		{9DB332BD-3FF8-4AE3-AD4E-46D917471B75}.Release|Any CPU.Build.0 = Release|Any CPU
		{FF264C8E-C67F-4150-964B-279C08AC3CE7}.Debug|Any CPU.ActiveCfg = Debug|Any CPU
		{FF264C8E-C67F-4150-964B-279C08AC3CE7}.Debug|Any CPU.Build.0 = Debug|Any CPU
		{FF264C8E-C67F-4150-964B-279C08AC3CE7}.Release|Any CPU.ActiveCfg = Release|Any CPU
		{FF264C8E-C67F-4150-964B-279C08AC3CE7}.Release|Any CPU.Build.0 = Release|Any CPU
	EndGlobalSection
	GlobalSection(SolutionProperties) = preSolution
		HideSolutionNode = FALSE
	EndGlobalSection
	GlobalSection(NestedProjects) = preSolution
		{9EB7F80F-1D5A-4BB2-B9B5-646541354706} = {08F51E3B-21F1-441B-A381-E03B99FE7728}
		{E91BF503-5523-4F11-BD95-544EEE37E115} = {2F7266E2-E44D-4F24-92E6-FD1DD57E3D39}
		{FF264C8E-C67F-4150-964B-279C08AC3CE7} = {2F7266E2-E44D-4F24-92E6-FD1DD57E3D39}
	EndGlobalSection
	GlobalSection(ExtensibilityGlobals) = postSolution
		SolutionGuid = {B15FF7FA-E28D-4354-B9DB-D78A323B279E}
	EndGlobalSection
EndGlobal
