
Microsoft Visual Studio Solution File, Format Version 12.00
# Visual Studio 14
VisualStudioVersion = 14.0.25123.0
MinimumVisualStudioVersion = 10.0.40219.1
Project("{FAE04EC0-301F-11D3-BF4B-00C04F79EFBC}") = "Adaptive.ReactiveTrader.Client.Domain", "Adaptive.ReactiveTrader.Client.Domain\Adaptive.ReactiveTrader.Client.Domain.csproj", "{94678B85-9C41-4353-889D-F2202F3DB740}"
EndProject
Project("{FAE04EC0-301F-11D3-BF4B-00C04F79EFBC}") = "Adaptive.ReactiveTrader.Client", "Adaptive.ReactiveTrader.Client\Adaptive.ReactiveTrader.Client.csproj", "{E92115A5-D7BE-4A19-AF2B-9FB100B28CE4}"
EndProject
Project("{FAE04EC0-301F-11D3-BF4B-00C04F79EFBC}") = "Adaptive.ReactiveTrader.Shared", "Adaptive.ReactiveTrader.Shared\Adaptive.ReactiveTrader.Shared.csproj", "{B954B5A9-ABD0-469B-9397-039675BEC8F0}"
EndProject
Project("{FAE04EC0-301F-11D3-BF4B-00C04F79EFBC}") = "Adaptive.ReactiveTrader.Tests", "Adaptive.ReactiveTrader.Tests\Adaptive.ReactiveTrader.Tests.csproj", "{BCD71EB3-CED6-476C-BE6C-0B4931BCB014}"
EndProject
Project("{FAE04EC0-301F-11D3-BF4B-00C04F79EFBC}") = "Adaptive.ReactiveTrader.Client.iOSTab", "Adaptive.ReactiveTrader.Client.iOSTab\Adaptive.ReactiveTrader.Client.iOSTab.csproj", "{116796D9-3089-41FA-A1C2-1C11AF772940}"
EndProject
Project("{FAE04EC0-301F-11D3-BF4B-00C04F79EFBC}") = "Adaptive.ReactiveTrader.Client.iOSTab.WatchKitApp", "Adaptive.ReactiveTrader.Client.iOSTab.WatchKitApp\Adaptive.ReactiveTrader.Client.iOSTab.WatchKitApp.csproj", "{B6163B57-4BDD-4CE2-9EF0-198C911E17FA}"
EndProject
Project("{FAE04EC0-301F-11D3-BF4B-00C04F79EFBC}") = "Adaptive.ReactiveTrader.Client.iOSTab.WatchKitExtension", "Adaptive.ReactiveTrader.Client.iOSTab.WatchKitExtension\Adaptive.ReactiveTrader.Client.iOSTab.WatchKitExtension.csproj", "{71FB625A-FCA5-47CB-A1D6-D3EFF7B5FC63}"
EndProject
Project("{FAE04EC0-301F-11D3-BF4B-00C04F79EFBC}") = "Adaptive.ReactiveTrader.Client.iOS.Shared", "Adaptive.ReactiveTrader.Client.iOS.Shared\Adaptive.ReactiveTrader.Client.iOS.Shared.csproj", "{7882D2AC-BCC4-4C10-A62A-4EB5D1B797EC}"
EndProject
Project("{FAE04EC0-301F-11D3-BF4B-00C04F79EFBC}") = "Adaptive.ReactiveTrader.Client.Android", "Adaptive.ReactiveTrader.Client.Android\Adaptive.ReactiveTrader.Client.Android.csproj", "{1939861C-30FB-46B7-8ACA-870F9D04BB62}"
EndProject
Global
	GlobalSection(SolutionConfigurationPlatforms) = preSolution
		Ad-Hoc|Any CPU = Ad-Hoc|Any CPU
		Ad-Hoc|iPhone = Ad-Hoc|iPhone
		Ad-Hoc|iPhoneSimulator = Ad-Hoc|iPhoneSimulator
		Ad-Hoc|x86 = Ad-Hoc|x86
		AppStore|Any CPU = AppStore|Any CPU
		AppStore|iPhone = AppStore|iPhone
		AppStore|iPhoneSimulator = AppStore|iPhoneSimulator
		AppStore|x86 = AppStore|x86
		Debug|Any CPU = Debug|Any CPU
		Debug|iPhone = Debug|iPhone
		Debug|iPhoneSimulator = Debug|iPhoneSimulator
		Debug|x86 = Debug|x86
		Distribution|Any CPU = Distribution|Any CPU
		Distribution|iPhone = Distribution|iPhone
		Distribution|iPhoneSimulator = Distribution|iPhoneSimulator
		Distribution|x86 = Distribution|x86
		Release|Any CPU = Release|Any CPU
		Release|iPhone = Release|iPhone
		Release|iPhoneSimulator = Release|iPhoneSimulator
		Release|x86 = Release|x86
	EndGlobalSection
	GlobalSection(ProjectConfigurationPlatforms) = postSolution
		{94678B85-9C41-4353-889D-F2202F3DB740}.Ad-Hoc|Any CPU.ActiveCfg = Release|Any CPU
		{94678B85-9C41-4353-889D-F2202F3DB740}.Ad-Hoc|Any CPU.Build.0 = Release|Any CPU
		{94678B85-9C41-4353-889D-F2202F3DB740}.Ad-Hoc|iPhone.ActiveCfg = Release|Any CPU
		{94678B85-9C41-4353-889D-F2202F3DB740}.Ad-Hoc|iPhone.Build.0 = Release|Any CPU
		{94678B85-9C41-4353-889D-F2202F3DB740}.Ad-Hoc|iPhoneSimulator.ActiveCfg = Release|Any CPU
		{94678B85-9C41-4353-889D-F2202F3DB740}.Ad-Hoc|iPhoneSimulator.Build.0 = Release|Any CPU
		{94678B85-9C41-4353-889D-F2202F3DB740}.Ad-Hoc|x86.ActiveCfg = Release|x86
		{94678B85-9C41-4353-889D-F2202F3DB740}.Ad-Hoc|x86.Build.0 = Release|x86
		{94678B85-9C41-4353-889D-F2202F3DB740}.AppStore|Any CPU.ActiveCfg = Release|Any CPU
		{94678B85-9C41-4353-889D-F2202F3DB740}.AppStore|Any CPU.Build.0 = Release|Any CPU
		{94678B85-9C41-4353-889D-F2202F3DB740}.AppStore|iPhone.ActiveCfg = Release|Any CPU
		{94678B85-9C41-4353-889D-F2202F3DB740}.AppStore|iPhone.Build.0 = Release|Any CPU
		{94678B85-9C41-4353-889D-F2202F3DB740}.AppStore|iPhoneSimulator.ActiveCfg = Release|Any CPU
		{94678B85-9C41-4353-889D-F2202F3DB740}.AppStore|iPhoneSimulator.Build.0 = Release|Any CPU
		{94678B85-9C41-4353-889D-F2202F3DB740}.AppStore|x86.ActiveCfg = Release|x86
		{94678B85-9C41-4353-889D-F2202F3DB740}.AppStore|x86.Build.0 = Release|x86
		{94678B85-9C41-4353-889D-F2202F3DB740}.Debug|Any CPU.ActiveCfg = Debug|Any CPU
		{94678B85-9C41-4353-889D-F2202F3DB740}.Debug|Any CPU.Build.0 = Debug|Any CPU
		{94678B85-9C41-4353-889D-F2202F3DB740}.Debug|iPhone.ActiveCfg = Debug|Any CPU
		{94678B85-9C41-4353-889D-F2202F3DB740}.Debug|iPhone.Build.0 = Debug|Any CPU
		{94678B85-9C41-4353-889D-F2202F3DB740}.Debug|iPhoneSimulator.ActiveCfg = Debug|Any CPU
		{94678B85-9C41-4353-889D-F2202F3DB740}.Debug|iPhoneSimulator.Build.0 = Debug|Any CPU
		{94678B85-9C41-4353-889D-F2202F3DB740}.Debug|x86.ActiveCfg = Debug|x86
		{94678B85-9C41-4353-889D-F2202F3DB740}.Debug|x86.Build.0 = Debug|x86
		{94678B85-9C41-4353-889D-F2202F3DB740}.Distribution|Any CPU.ActiveCfg = Debug|Any CPU
		{94678B85-9C41-4353-889D-F2202F3DB740}.Distribution|Any CPU.Build.0 = Debug|Any CPU
		{94678B85-9C41-4353-889D-F2202F3DB740}.Distribution|iPhone.ActiveCfg = Debug|Any CPU
		{94678B85-9C41-4353-889D-F2202F3DB740}.Distribution|iPhone.Build.0 = Debug|Any CPU
		{94678B85-9C41-4353-889D-F2202F3DB740}.Distribution|iPhoneSimulator.ActiveCfg = Debug|Any CPU
		{94678B85-9C41-4353-889D-F2202F3DB740}.Distribution|iPhoneSimulator.Build.0 = Debug|Any CPU
		{94678B85-9C41-4353-889D-F2202F3DB740}.Distribution|x86.ActiveCfg = Debug|x86
		{94678B85-9C41-4353-889D-F2202F3DB740}.Distribution|x86.Build.0 = Debug|x86
		{94678B85-9C41-4353-889D-F2202F3DB740}.Release|Any CPU.ActiveCfg = Release|Any CPU
		{94678B85-9C41-4353-889D-F2202F3DB740}.Release|Any CPU.Build.0 = Release|Any CPU
		{94678B85-9C41-4353-889D-F2202F3DB740}.Release|iPhone.ActiveCfg = Release|Any CPU
		{94678B85-9C41-4353-889D-F2202F3DB740}.Release|iPhone.Build.0 = Release|Any CPU
		{94678B85-9C41-4353-889D-F2202F3DB740}.Release|iPhoneSimulator.ActiveCfg = Release|Any CPU
		{94678B85-9C41-4353-889D-F2202F3DB740}.Release|iPhoneSimulator.Build.0 = Release|Any CPU
		{94678B85-9C41-4353-889D-F2202F3DB740}.Release|x86.ActiveCfg = Release|x86
		{94678B85-9C41-4353-889D-F2202F3DB740}.Release|x86.Build.0 = Release|x86
		{E92115A5-D7BE-4A19-AF2B-9FB100B28CE4}.Ad-Hoc|Any CPU.ActiveCfg = Release|Any CPU
		{E92115A5-D7BE-4A19-AF2B-9FB100B28CE4}.Ad-Hoc|Any CPU.Build.0 = Release|Any CPU
		{E92115A5-D7BE-4A19-AF2B-9FB100B28CE4}.Ad-Hoc|iPhone.ActiveCfg = Release|Any CPU
		{E92115A5-D7BE-4A19-AF2B-9FB100B28CE4}.Ad-Hoc|iPhone.Build.0 = Release|Any CPU
		{E92115A5-D7BE-4A19-AF2B-9FB100B28CE4}.Ad-Hoc|iPhoneSimulator.ActiveCfg = Release|Any CPU
		{E92115A5-D7BE-4A19-AF2B-9FB100B28CE4}.Ad-Hoc|iPhoneSimulator.Build.0 = Release|Any CPU
		{E92115A5-D7BE-4A19-AF2B-9FB100B28CE4}.Ad-Hoc|x86.ActiveCfg = Release|x86
		{E92115A5-D7BE-4A19-AF2B-9FB100B28CE4}.Ad-Hoc|x86.Build.0 = Release|x86
		{E92115A5-D7BE-4A19-AF2B-9FB100B28CE4}.AppStore|Any CPU.ActiveCfg = Release|Any CPU
		{E92115A5-D7BE-4A19-AF2B-9FB100B28CE4}.AppStore|Any CPU.Build.0 = Release|Any CPU
		{E92115A5-D7BE-4A19-AF2B-9FB100B28CE4}.AppStore|iPhone.ActiveCfg = Release|Any CPU
		{E92115A5-D7BE-4A19-AF2B-9FB100B28CE4}.AppStore|iPhone.Build.0 = Release|Any CPU
		{E92115A5-D7BE-4A19-AF2B-9FB100B28CE4}.AppStore|iPhoneSimulator.ActiveCfg = Release|Any CPU
		{E92115A5-D7BE-4A19-AF2B-9FB100B28CE4}.AppStore|iPhoneSimulator.Build.0 = Release|Any CPU
		{E92115A5-D7BE-4A19-AF2B-9FB100B28CE4}.AppStore|x86.ActiveCfg = Release|x86
		{E92115A5-D7BE-4A19-AF2B-9FB100B28CE4}.AppStore|x86.Build.0 = Release|x86
		{E92115A5-D7BE-4A19-AF2B-9FB100B28CE4}.Debug|Any CPU.ActiveCfg = Debug|Any CPU
		{E92115A5-D7BE-4A19-AF2B-9FB100B28CE4}.Debug|Any CPU.Build.0 = Debug|Any CPU
		{E92115A5-D7BE-4A19-AF2B-9FB100B28CE4}.Debug|iPhone.ActiveCfg = Debug|Any CPU
		{E92115A5-D7BE-4A19-AF2B-9FB100B28CE4}.Debug|iPhone.Build.0 = Debug|Any CPU
		{E92115A5-D7BE-4A19-AF2B-9FB100B28CE4}.Debug|iPhoneSimulator.ActiveCfg = Debug|Any CPU
		{E92115A5-D7BE-4A19-AF2B-9FB100B28CE4}.Debug|iPhoneSimulator.Build.0 = Debug|Any CPU
		{E92115A5-D7BE-4A19-AF2B-9FB100B28CE4}.Debug|x86.ActiveCfg = Debug|x86
		{E92115A5-D7BE-4A19-AF2B-9FB100B28CE4}.Debug|x86.Build.0 = Debug|x86
		{E92115A5-D7BE-4A19-AF2B-9FB100B28CE4}.Distribution|Any CPU.ActiveCfg = Debug|Any CPU
		{E92115A5-D7BE-4A19-AF2B-9FB100B28CE4}.Distribution|Any CPU.Build.0 = Debug|Any CPU
		{E92115A5-D7BE-4A19-AF2B-9FB100B28CE4}.Distribution|iPhone.ActiveCfg = Debug|Any CPU
		{E92115A5-D7BE-4A19-AF2B-9FB100B28CE4}.Distribution|iPhone.Build.0 = Debug|Any CPU
		{E92115A5-D7BE-4A19-AF2B-9FB100B28CE4}.Distribution|iPhoneSimulator.ActiveCfg = Debug|Any CPU
		{E92115A5-D7BE-4A19-AF2B-9FB100B28CE4}.Distribution|iPhoneSimulator.Build.0 = Debug|Any CPU
		{E92115A5-D7BE-4A19-AF2B-9FB100B28CE4}.Distribution|x86.ActiveCfg = Debug|x86
		{E92115A5-D7BE-4A19-AF2B-9FB100B28CE4}.Distribution|x86.Build.0 = Debug|x86
		{E92115A5-D7BE-4A19-AF2B-9FB100B28CE4}.Release|Any CPU.ActiveCfg = Release|Any CPU
		{E92115A5-D7BE-4A19-AF2B-9FB100B28CE4}.Release|Any CPU.Build.0 = Release|Any CPU
		{E92115A5-D7BE-4A19-AF2B-9FB100B28CE4}.Release|iPhone.ActiveCfg = Release|Any CPU
		{E92115A5-D7BE-4A19-AF2B-9FB100B28CE4}.Release|iPhone.Build.0 = Release|Any CPU
		{E92115A5-D7BE-4A19-AF2B-9FB100B28CE4}.Release|iPhoneSimulator.ActiveCfg = Release|Any CPU
		{E92115A5-D7BE-4A19-AF2B-9FB100B28CE4}.Release|iPhoneSimulator.Build.0 = Release|Any CPU
		{E92115A5-D7BE-4A19-AF2B-9FB100B28CE4}.Release|x86.ActiveCfg = Release|x86
		{E92115A5-D7BE-4A19-AF2B-9FB100B28CE4}.Release|x86.Build.0 = Release|x86
		{B954B5A9-ABD0-469B-9397-039675BEC8F0}.Ad-Hoc|Any CPU.ActiveCfg = Release|Any CPU
		{B954B5A9-ABD0-469B-9397-039675BEC8F0}.Ad-Hoc|Any CPU.Build.0 = Release|Any CPU
		{B954B5A9-ABD0-469B-9397-039675BEC8F0}.Ad-Hoc|iPhone.ActiveCfg = Release|Any CPU
		{B954B5A9-ABD0-469B-9397-039675BEC8F0}.Ad-Hoc|iPhone.Build.0 = Release|Any CPU
		{B954B5A9-ABD0-469B-9397-039675BEC8F0}.Ad-Hoc|iPhoneSimulator.ActiveCfg = Release|Any CPU
		{B954B5A9-ABD0-469B-9397-039675BEC8F0}.Ad-Hoc|iPhoneSimulator.Build.0 = Release|Any CPU
		{B954B5A9-ABD0-469B-9397-039675BEC8F0}.Ad-Hoc|x86.ActiveCfg = Release|x86
		{B954B5A9-ABD0-469B-9397-039675BEC8F0}.Ad-Hoc|x86.Build.0 = Release|x86
		{B954B5A9-ABD0-469B-9397-039675BEC8F0}.AppStore|Any CPU.ActiveCfg = Release|Any CPU
		{B954B5A9-ABD0-469B-9397-039675BEC8F0}.AppStore|Any CPU.Build.0 = Release|Any CPU
		{B954B5A9-ABD0-469B-9397-039675BEC8F0}.AppStore|iPhone.ActiveCfg = Release|Any CPU
		{B954B5A9-ABD0-469B-9397-039675BEC8F0}.AppStore|iPhone.Build.0 = Release|Any CPU
		{B954B5A9-ABD0-469B-9397-039675BEC8F0}.AppStore|iPhoneSimulator.ActiveCfg = Release|Any CPU
		{B954B5A9-ABD0-469B-9397-039675BEC8F0}.AppStore|iPhoneSimulator.Build.0 = Release|Any CPU
		{B954B5A9-ABD0-469B-9397-039675BEC8F0}.AppStore|x86.ActiveCfg = Release|x86
		{B954B5A9-ABD0-469B-9397-039675BEC8F0}.AppStore|x86.Build.0 = Release|x86
		{B954B5A9-ABD0-469B-9397-039675BEC8F0}.Debug|Any CPU.ActiveCfg = Debug|Any CPU
		{B954B5A9-ABD0-469B-9397-039675BEC8F0}.Debug|Any CPU.Build.0 = Debug|Any CPU
		{B954B5A9-ABD0-469B-9397-039675BEC8F0}.Debug|iPhone.ActiveCfg = Debug|Any CPU
		{B954B5A9-ABD0-469B-9397-039675BEC8F0}.Debug|iPhone.Build.0 = Debug|Any CPU
		{B954B5A9-ABD0-469B-9397-039675BEC8F0}.Debug|iPhoneSimulator.ActiveCfg = Debug|Any CPU
		{B954B5A9-ABD0-469B-9397-039675BEC8F0}.Debug|iPhoneSimulator.Build.0 = Debug|Any CPU
		{B954B5A9-ABD0-469B-9397-039675BEC8F0}.Debug|x86.ActiveCfg = Debug|x86
		{B954B5A9-ABD0-469B-9397-039675BEC8F0}.Debug|x86.Build.0 = Debug|x86
		{B954B5A9-ABD0-469B-9397-039675BEC8F0}.Distribution|Any CPU.ActiveCfg = Debug|Any CPU
		{B954B5A9-ABD0-469B-9397-039675BEC8F0}.Distribution|Any CPU.Build.0 = Debug|Any CPU
		{B954B5A9-ABD0-469B-9397-039675BEC8F0}.Distribution|iPhone.ActiveCfg = Debug|Any CPU
		{B954B5A9-ABD0-469B-9397-039675BEC8F0}.Distribution|iPhone.Build.0 = Debug|Any CPU
		{B954B5A9-ABD0-469B-9397-039675BEC8F0}.Distribution|iPhoneSimulator.ActiveCfg = Debug|Any CPU
		{B954B5A9-ABD0-469B-9397-039675BEC8F0}.Distribution|iPhoneSimulator.Build.0 = Debug|Any CPU
		{B954B5A9-ABD0-469B-9397-039675BEC8F0}.Distribution|x86.ActiveCfg = Debug|x86
		{B954B5A9-ABD0-469B-9397-039675BEC8F0}.Distribution|x86.Build.0 = Debug|x86
		{B954B5A9-ABD0-469B-9397-039675BEC8F0}.Release|Any CPU.ActiveCfg = Release|Any CPU
		{B954B5A9-ABD0-469B-9397-039675BEC8F0}.Release|Any CPU.Build.0 = Release|Any CPU
		{B954B5A9-ABD0-469B-9397-039675BEC8F0}.Release|iPhone.ActiveCfg = Release|Any CPU
		{B954B5A9-ABD0-469B-9397-039675BEC8F0}.Release|iPhone.Build.0 = Release|Any CPU
		{B954B5A9-ABD0-469B-9397-039675BEC8F0}.Release|iPhoneSimulator.ActiveCfg = Release|Any CPU
		{B954B5A9-ABD0-469B-9397-039675BEC8F0}.Release|iPhoneSimulator.Build.0 = Release|Any CPU
		{B954B5A9-ABD0-469B-9397-039675BEC8F0}.Release|x86.ActiveCfg = Release|x86
		{B954B5A9-ABD0-469B-9397-039675BEC8F0}.Release|x86.Build.0 = Release|x86
		{BCD71EB3-CED6-476C-BE6C-0B4931BCB014}.Ad-Hoc|Any CPU.ActiveCfg = Release|Any CPU
		{BCD71EB3-CED6-476C-BE6C-0B4931BCB014}.Ad-Hoc|Any CPU.Build.0 = Release|Any CPU
		{BCD71EB3-CED6-476C-BE6C-0B4931BCB014}.Ad-Hoc|iPhone.ActiveCfg = Release|Any CPU
		{BCD71EB3-CED6-476C-BE6C-0B4931BCB014}.Ad-Hoc|iPhone.Build.0 = Release|Any CPU
		{BCD71EB3-CED6-476C-BE6C-0B4931BCB014}.Ad-Hoc|iPhoneSimulator.ActiveCfg = Release|Any CPU
		{BCD71EB3-CED6-476C-BE6C-0B4931BCB014}.Ad-Hoc|iPhoneSimulator.Build.0 = Release|Any CPU
		{BCD71EB3-CED6-476C-BE6C-0B4931BCB014}.Ad-Hoc|x86.ActiveCfg = Release|x86
		{BCD71EB3-CED6-476C-BE6C-0B4931BCB014}.Ad-Hoc|x86.Build.0 = Release|x86
		{BCD71EB3-CED6-476C-BE6C-0B4931BCB014}.AppStore|Any CPU.ActiveCfg = Release|Any CPU
		{BCD71EB3-CED6-476C-BE6C-0B4931BCB014}.AppStore|Any CPU.Build.0 = Release|Any CPU
		{BCD71EB3-CED6-476C-BE6C-0B4931BCB014}.AppStore|iPhone.ActiveCfg = Release|Any CPU
		{BCD71EB3-CED6-476C-BE6C-0B4931BCB014}.AppStore|iPhone.Build.0 = Release|Any CPU
		{BCD71EB3-CED6-476C-BE6C-0B4931BCB014}.AppStore|iPhoneSimulator.ActiveCfg = Release|Any CPU
		{BCD71EB3-CED6-476C-BE6C-0B4931BCB014}.AppStore|iPhoneSimulator.Build.0 = Release|Any CPU
		{BCD71EB3-CED6-476C-BE6C-0B4931BCB014}.AppStore|x86.ActiveCfg = Release|x86
		{BCD71EB3-CED6-476C-BE6C-0B4931BCB014}.AppStore|x86.Build.0 = Release|x86
		{BCD71EB3-CED6-476C-BE6C-0B4931BCB014}.Debug|Any CPU.ActiveCfg = Debug|Any CPU
		{BCD71EB3-CED6-476C-BE6C-0B4931BCB014}.Debug|Any CPU.Build.0 = Debug|Any CPU
		{BCD71EB3-CED6-476C-BE6C-0B4931BCB014}.Debug|iPhone.ActiveCfg = Debug|Any CPU
		{BCD71EB3-CED6-476C-BE6C-0B4931BCB014}.Debug|iPhone.Build.0 = Debug|Any CPU
		{BCD71EB3-CED6-476C-BE6C-0B4931BCB014}.Debug|iPhoneSimulator.ActiveCfg = Debug|Any CPU
		{BCD71EB3-CED6-476C-BE6C-0B4931BCB014}.Debug|iPhoneSimulator.Build.0 = Debug|Any CPU
		{BCD71EB3-CED6-476C-BE6C-0B4931BCB014}.Debug|x86.ActiveCfg = Debug|x86
		{BCD71EB3-CED6-476C-BE6C-0B4931BCB014}.Debug|x86.Build.0 = Debug|x86
		{BCD71EB3-CED6-476C-BE6C-0B4931BCB014}.Distribution|Any CPU.ActiveCfg = Debug|Any CPU
		{BCD71EB3-CED6-476C-BE6C-0B4931BCB014}.Distribution|Any CPU.Build.0 = Debug|Any CPU
		{BCD71EB3-CED6-476C-BE6C-0B4931BCB014}.Distribution|iPhone.ActiveCfg = Debug|Any CPU
		{BCD71EB3-CED6-476C-BE6C-0B4931BCB014}.Distribution|iPhone.Build.0 = Debug|Any CPU
		{BCD71EB3-CED6-476C-BE6C-0B4931BCB014}.Distribution|iPhoneSimulator.ActiveCfg = Debug|Any CPU
		{BCD71EB3-CED6-476C-BE6C-0B4931BCB014}.Distribution|iPhoneSimulator.Build.0 = Debug|Any CPU
		{BCD71EB3-CED6-476C-BE6C-0B4931BCB014}.Distribution|x86.ActiveCfg = Debug|x86
		{BCD71EB3-CED6-476C-BE6C-0B4931BCB014}.Distribution|x86.Build.0 = Debug|x86
		{BCD71EB3-CED6-476C-BE6C-0B4931BCB014}.Release|Any CPU.ActiveCfg = Release|Any CPU
		{BCD71EB3-CED6-476C-BE6C-0B4931BCB014}.Release|Any CPU.Build.0 = Release|Any CPU
		{BCD71EB3-CED6-476C-BE6C-0B4931BCB014}.Release|iPhone.ActiveCfg = Release|Any CPU
		{BCD71EB3-CED6-476C-BE6C-0B4931BCB014}.Release|iPhone.Build.0 = Release|Any CPU
		{BCD71EB3-CED6-476C-BE6C-0B4931BCB014}.Release|iPhoneSimulator.ActiveCfg = Release|Any CPU
		{BCD71EB3-CED6-476C-BE6C-0B4931BCB014}.Release|iPhoneSimulator.Build.0 = Release|Any CPU
		{BCD71EB3-CED6-476C-BE6C-0B4931BCB014}.Release|x86.ActiveCfg = Release|x86
		{BCD71EB3-CED6-476C-BE6C-0B4931BCB014}.Release|x86.Build.0 = Release|x86
		{116796D9-3089-41FA-A1C2-1C11AF772940}.Ad-Hoc|Any CPU.ActiveCfg = Debug|iPhoneSimulator
		{116796D9-3089-41FA-A1C2-1C11AF772940}.Ad-Hoc|Any CPU.Build.0 = Debug|iPhoneSimulator
		{116796D9-3089-41FA-A1C2-1C11AF772940}.Ad-Hoc|iPhone.ActiveCfg = Release|iPhone
		{116796D9-3089-41FA-A1C2-1C11AF772940}.Ad-Hoc|iPhone.Build.0 = Release|iPhone
		{116796D9-3089-41FA-A1C2-1C11AF772940}.Ad-Hoc|iPhoneSimulator.ActiveCfg = Debug|iPhoneSimulator
		{116796D9-3089-41FA-A1C2-1C11AF772940}.Ad-Hoc|iPhoneSimulator.Build.0 = Debug|iPhoneSimulator
		{116796D9-3089-41FA-A1C2-1C11AF772940}.Ad-Hoc|x86.ActiveCfg = Release|x86
		{116796D9-3089-41FA-A1C2-1C11AF772940}.Ad-Hoc|x86.Build.0 = Release|x86
		{116796D9-3089-41FA-A1C2-1C11AF772940}.AppStore|Any CPU.ActiveCfg = Debug|iPhoneSimulator
		{116796D9-3089-41FA-A1C2-1C11AF772940}.AppStore|Any CPU.Build.0 = Debug|iPhoneSimulator
		{116796D9-3089-41FA-A1C2-1C11AF772940}.AppStore|iPhone.ActiveCfg = Release|iPhone
		{116796D9-3089-41FA-A1C2-1C11AF772940}.AppStore|iPhone.Build.0 = Release|iPhone
		{116796D9-3089-41FA-A1C2-1C11AF772940}.AppStore|iPhoneSimulator.ActiveCfg = Debug|iPhoneSimulator
		{116796D9-3089-41FA-A1C2-1C11AF772940}.AppStore|iPhoneSimulator.Build.0 = Debug|iPhoneSimulator
		{116796D9-3089-41FA-A1C2-1C11AF772940}.AppStore|x86.ActiveCfg = Release|x86
		{116796D9-3089-41FA-A1C2-1C11AF772940}.AppStore|x86.Build.0 = Release|x86
		{116796D9-3089-41FA-A1C2-1C11AF772940}.Debug|Any CPU.ActiveCfg = Debug|iPhoneSimulator
		{116796D9-3089-41FA-A1C2-1C11AF772940}.Debug|Any CPU.Build.0 = Debug|iPhoneSimulator
		{116796D9-3089-41FA-A1C2-1C11AF772940}.Debug|iPhone.ActiveCfg = Debug|iPhone
		{116796D9-3089-41FA-A1C2-1C11AF772940}.Debug|iPhone.Build.0 = Debug|iPhone
		{116796D9-3089-41FA-A1C2-1C11AF772940}.Debug|iPhoneSimulator.ActiveCfg = Debug|iPhoneSimulator
		{116796D9-3089-41FA-A1C2-1C11AF772940}.Debug|iPhoneSimulator.Build.0 = Debug|iPhoneSimulator
		{116796D9-3089-41FA-A1C2-1C11AF772940}.Debug|x86.ActiveCfg = Debug|x86
		{116796D9-3089-41FA-A1C2-1C11AF772940}.Debug|x86.Build.0 = Debug|x86
		{116796D9-3089-41FA-A1C2-1C11AF772940}.Distribution|Any CPU.ActiveCfg = Debug|iPhoneSimulator
		{116796D9-3089-41FA-A1C2-1C11AF772940}.Distribution|Any CPU.Build.0 = Debug|iPhoneSimulator
		{116796D9-3089-41FA-A1C2-1C11AF772940}.Distribution|iPhone.ActiveCfg = Release|iPhone
		{116796D9-3089-41FA-A1C2-1C11AF772940}.Distribution|iPhone.Build.0 = Release|iPhone
		{116796D9-3089-41FA-A1C2-1C11AF772940}.Distribution|iPhoneSimulator.ActiveCfg = Debug|iPhoneSimulator
		{116796D9-3089-41FA-A1C2-1C11AF772940}.Distribution|iPhoneSimulator.Build.0 = Debug|iPhoneSimulator
		{116796D9-3089-41FA-A1C2-1C11AF772940}.Distribution|x86.ActiveCfg = Debug|x86
		{116796D9-3089-41FA-A1C2-1C11AF772940}.Distribution|x86.Build.0 = Debug|x86
		{116796D9-3089-41FA-A1C2-1C11AF772940}.Release|Any CPU.ActiveCfg = Release|iPhone
		{116796D9-3089-41FA-A1C2-1C11AF772940}.Release|Any CPU.Build.0 = Release|iPhone
		{116796D9-3089-41FA-A1C2-1C11AF772940}.Release|iPhone.ActiveCfg = Release|iPhone
		{116796D9-3089-41FA-A1C2-1C11AF772940}.Release|iPhone.Build.0 = Release|iPhone
		{116796D9-3089-41FA-A1C2-1C11AF772940}.Release|iPhoneSimulator.ActiveCfg = Release|iPhoneSimulator
		{116796D9-3089-41FA-A1C2-1C11AF772940}.Release|iPhoneSimulator.Build.0 = Release|iPhoneSimulator
		{116796D9-3089-41FA-A1C2-1C11AF772940}.Release|x86.ActiveCfg = Release|x86
		{116796D9-3089-41FA-A1C2-1C11AF772940}.Release|x86.Build.0 = Release|x86
		{B6163B57-4BDD-4CE2-9EF0-198C911E17FA}.Ad-Hoc|Any CPU.ActiveCfg = Debug|iPhoneSimulator
		{B6163B57-4BDD-4CE2-9EF0-198C911E17FA}.Ad-Hoc|Any CPU.Build.0 = Debug|iPhoneSimulator
		{B6163B57-4BDD-4CE2-9EF0-198C911E17FA}.Ad-Hoc|iPhone.ActiveCfg = Release|iPhone
		{B6163B57-4BDD-4CE2-9EF0-198C911E17FA}.Ad-Hoc|iPhone.Build.0 = Release|iPhone
		{B6163B57-4BDD-4CE2-9EF0-198C911E17FA}.Ad-Hoc|iPhoneSimulator.ActiveCfg = Debug|iPhoneSimulator
		{B6163B57-4BDD-4CE2-9EF0-198C911E17FA}.Ad-Hoc|iPhoneSimulator.Build.0 = Debug|iPhoneSimulator
		{B6163B57-4BDD-4CE2-9EF0-198C911E17FA}.Ad-Hoc|x86.ActiveCfg = Release|x86
		{B6163B57-4BDD-4CE2-9EF0-198C911E17FA}.Ad-Hoc|x86.Build.0 = Release|x86
		{B6163B57-4BDD-4CE2-9EF0-198C911E17FA}.AppStore|Any CPU.ActiveCfg = Debug|iPhoneSimulator
		{B6163B57-4BDD-4CE2-9EF0-198C911E17FA}.AppStore|Any CPU.Build.0 = Debug|iPhoneSimulator
		{B6163B57-4BDD-4CE2-9EF0-198C911E17FA}.AppStore|iPhone.ActiveCfg = Release|iPhone
		{B6163B57-4BDD-4CE2-9EF0-198C911E17FA}.AppStore|iPhone.Build.0 = Release|iPhone
		{B6163B57-4BDD-4CE2-9EF0-198C911E17FA}.AppStore|iPhoneSimulator.ActiveCfg = Debug|iPhoneSimulator
		{B6163B57-4BDD-4CE2-9EF0-198C911E17FA}.AppStore|iPhoneSimulator.Build.0 = Debug|iPhoneSimulator
		{B6163B57-4BDD-4CE2-9EF0-198C911E17FA}.AppStore|x86.ActiveCfg = Release|x86
		{B6163B57-4BDD-4CE2-9EF0-198C911E17FA}.AppStore|x86.Build.0 = Release|x86
		{B6163B57-4BDD-4CE2-9EF0-198C911E17FA}.Debug|Any CPU.ActiveCfg = Debug|iPhoneSimulator
		{B6163B57-4BDD-4CE2-9EF0-198C911E17FA}.Debug|Any CPU.Build.0 = Debug|iPhoneSimulator
		{B6163B57-4BDD-4CE2-9EF0-198C911E17FA}.Debug|iPhone.ActiveCfg = Debug|iPhone
		{B6163B57-4BDD-4CE2-9EF0-198C911E17FA}.Debug|iPhone.Build.0 = Debug|iPhone
		{B6163B57-4BDD-4CE2-9EF0-198C911E17FA}.Debug|iPhoneSimulator.ActiveCfg = Debug|iPhoneSimulator
		{B6163B57-4BDD-4CE2-9EF0-198C911E17FA}.Debug|iPhoneSimulator.Build.0 = Debug|iPhoneSimulator
		{B6163B57-4BDD-4CE2-9EF0-198C911E17FA}.Debug|x86.ActiveCfg = Debug|x86
		{B6163B57-4BDD-4CE2-9EF0-198C911E17FA}.Debug|x86.Build.0 = Debug|x86
		{B6163B57-4BDD-4CE2-9EF0-198C911E17FA}.Distribution|Any CPU.ActiveCfg = Debug|iPhoneSimulator
		{B6163B57-4BDD-4CE2-9EF0-198C911E17FA}.Distribution|Any CPU.Build.0 = Debug|iPhoneSimulator
		{B6163B57-4BDD-4CE2-9EF0-198C911E17FA}.Distribution|iPhone.ActiveCfg = Release|iPhone
		{B6163B57-4BDD-4CE2-9EF0-198C911E17FA}.Distribution|iPhone.Build.0 = Release|iPhone
		{B6163B57-4BDD-4CE2-9EF0-198C911E17FA}.Distribution|iPhoneSimulator.ActiveCfg = Debug|iPhoneSimulator
		{B6163B57-4BDD-4CE2-9EF0-198C911E17FA}.Distribution|iPhoneSimulator.Build.0 = Debug|iPhoneSimulator
		{B6163B57-4BDD-4CE2-9EF0-198C911E17FA}.Distribution|x86.ActiveCfg = Debug|x86
		{B6163B57-4BDD-4CE2-9EF0-198C911E17FA}.Distribution|x86.Build.0 = Debug|x86
		{B6163B57-4BDD-4CE2-9EF0-198C911E17FA}.Release|Any CPU.ActiveCfg = Release|iPhone
		{B6163B57-4BDD-4CE2-9EF0-198C911E17FA}.Release|Any CPU.Build.0 = Release|iPhone
		{B6163B57-4BDD-4CE2-9EF0-198C911E17FA}.Release|iPhone.ActiveCfg = Release|iPhone
		{B6163B57-4BDD-4CE2-9EF0-198C911E17FA}.Release|iPhone.Build.0 = Release|iPhone
		{B6163B57-4BDD-4CE2-9EF0-198C911E17FA}.Release|iPhoneSimulator.ActiveCfg = Release|iPhoneSimulator
		{B6163B57-4BDD-4CE2-9EF0-198C911E17FA}.Release|iPhoneSimulator.Build.0 = Release|iPhoneSimulator
		{B6163B57-4BDD-4CE2-9EF0-198C911E17FA}.Release|x86.ActiveCfg = Release|x86
		{B6163B57-4BDD-4CE2-9EF0-198C911E17FA}.Release|x86.Build.0 = Release|x86
		{71FB625A-FCA5-47CB-A1D6-D3EFF7B5FC63}.Ad-Hoc|Any CPU.ActiveCfg = Debug|iPhoneSimulator
		{71FB625A-FCA5-47CB-A1D6-D3EFF7B5FC63}.Ad-Hoc|Any CPU.Build.0 = Debug|iPhoneSimulator
		{71FB625A-FCA5-47CB-A1D6-D3EFF7B5FC63}.Ad-Hoc|iPhone.ActiveCfg = Release|iPhone
		{71FB625A-FCA5-47CB-A1D6-D3EFF7B5FC63}.Ad-Hoc|iPhone.Build.0 = Release|iPhone
		{71FB625A-FCA5-47CB-A1D6-D3EFF7B5FC63}.Ad-Hoc|iPhoneSimulator.ActiveCfg = Debug|iPhoneSimulator
		{71FB625A-FCA5-47CB-A1D6-D3EFF7B5FC63}.Ad-Hoc|iPhoneSimulator.Build.0 = Debug|iPhoneSimulator
		{71FB625A-FCA5-47CB-A1D6-D3EFF7B5FC63}.Ad-Hoc|x86.ActiveCfg = Release|x86
		{71FB625A-FCA5-47CB-A1D6-D3EFF7B5FC63}.Ad-Hoc|x86.Build.0 = Release|x86
		{71FB625A-FCA5-47CB-A1D6-D3EFF7B5FC63}.AppStore|Any CPU.ActiveCfg = Debug|iPhoneSimulator
		{71FB625A-FCA5-47CB-A1D6-D3EFF7B5FC63}.AppStore|Any CPU.Build.0 = Debug|iPhoneSimulator
		{71FB625A-FCA5-47CB-A1D6-D3EFF7B5FC63}.AppStore|iPhone.ActiveCfg = Release|iPhone
		{71FB625A-FCA5-47CB-A1D6-D3EFF7B5FC63}.AppStore|iPhone.Build.0 = Release|iPhone
		{71FB625A-FCA5-47CB-A1D6-D3EFF7B5FC63}.AppStore|iPhoneSimulator.ActiveCfg = Debug|iPhoneSimulator
		{71FB625A-FCA5-47CB-A1D6-D3EFF7B5FC63}.AppStore|iPhoneSimulator.Build.0 = Debug|iPhoneSimulator
		{71FB625A-FCA5-47CB-A1D6-D3EFF7B5FC63}.AppStore|x86.ActiveCfg = Release|x86
		{71FB625A-FCA5-47CB-A1D6-D3EFF7B5FC63}.AppStore|x86.Build.0 = Release|x86
		{71FB625A-FCA5-47CB-A1D6-D3EFF7B5FC63}.Debug|Any CPU.ActiveCfg = Debug|iPhoneSimulator
		{71FB625A-FCA5-47CB-A1D6-D3EFF7B5FC63}.Debug|Any CPU.Build.0 = Debug|iPhoneSimulator
		{71FB625A-FCA5-47CB-A1D6-D3EFF7B5FC63}.Debug|iPhone.ActiveCfg = Debug|iPhone
		{71FB625A-FCA5-47CB-A1D6-D3EFF7B5FC63}.Debug|iPhone.Build.0 = Debug|iPhone
		{71FB625A-FCA5-47CB-A1D6-D3EFF7B5FC63}.Debug|iPhoneSimulator.ActiveCfg = Debug|iPhoneSimulator
		{71FB625A-FCA5-47CB-A1D6-D3EFF7B5FC63}.Debug|iPhoneSimulator.Build.0 = Debug|iPhoneSimulator
		{71FB625A-FCA5-47CB-A1D6-D3EFF7B5FC63}.Debug|x86.ActiveCfg = Debug|x86
		{71FB625A-FCA5-47CB-A1D6-D3EFF7B5FC63}.Debug|x86.Build.0 = Debug|x86
		{71FB625A-FCA5-47CB-A1D6-D3EFF7B5FC63}.Distribution|Any CPU.ActiveCfg = Debug|iPhoneSimulator
		{71FB625A-FCA5-47CB-A1D6-D3EFF7B5FC63}.Distribution|Any CPU.Build.0 = Debug|iPhoneSimulator
		{71FB625A-FCA5-47CB-A1D6-D3EFF7B5FC63}.Distribution|iPhone.ActiveCfg = Release|iPhone
		{71FB625A-FCA5-47CB-A1D6-D3EFF7B5FC63}.Distribution|iPhone.Build.0 = Release|iPhone
		{71FB625A-FCA5-47CB-A1D6-D3EFF7B5FC63}.Distribution|iPhoneSimulator.ActiveCfg = Debug|iPhoneSimulator
		{71FB625A-FCA5-47CB-A1D6-D3EFF7B5FC63}.Distribution|iPhoneSimulator.Build.0 = Debug|iPhoneSimulator
		{71FB625A-FCA5-47CB-A1D6-D3EFF7B5FC63}.Distribution|x86.ActiveCfg = Debug|x86
		{71FB625A-FCA5-47CB-A1D6-D3EFF7B5FC63}.Distribution|x86.Build.0 = Debug|x86
		{71FB625A-FCA5-47CB-A1D6-D3EFF7B5FC63}.Release|Any CPU.ActiveCfg = Release|iPhone
		{71FB625A-FCA5-47CB-A1D6-D3EFF7B5FC63}.Release|Any CPU.Build.0 = Release|iPhone
		{71FB625A-FCA5-47CB-A1D6-D3EFF7B5FC63}.Release|iPhone.ActiveCfg = Release|iPhone
		{71FB625A-FCA5-47CB-A1D6-D3EFF7B5FC63}.Release|iPhone.Build.0 = Release|iPhone
		{71FB625A-FCA5-47CB-A1D6-D3EFF7B5FC63}.Release|iPhoneSimulator.ActiveCfg = Release|iPhoneSimulator
		{71FB625A-FCA5-47CB-A1D6-D3EFF7B5FC63}.Release|iPhoneSimulator.Build.0 = Release|iPhoneSimulator
		{71FB625A-FCA5-47CB-A1D6-D3EFF7B5FC63}.Release|x86.ActiveCfg = Release|x86
		{71FB625A-FCA5-47CB-A1D6-D3EFF7B5FC63}.Release|x86.Build.0 = Release|x86
		{7882D2AC-BCC4-4C10-A62A-4EB5D1B797EC}.Ad-Hoc|Any CPU.ActiveCfg = Debug|Any CPU
		{7882D2AC-BCC4-4C10-A62A-4EB5D1B797EC}.Ad-Hoc|Any CPU.Build.0 = Debug|Any CPU
		{7882D2AC-BCC4-4C10-A62A-4EB5D1B797EC}.Ad-Hoc|iPhone.ActiveCfg = Release|Any CPU
		{7882D2AC-BCC4-4C10-A62A-4EB5D1B797EC}.Ad-Hoc|iPhone.Build.0 = Release|Any CPU
		{7882D2AC-BCC4-4C10-A62A-4EB5D1B797EC}.Ad-Hoc|iPhoneSimulator.ActiveCfg = Debug|Any CPU
		{7882D2AC-BCC4-4C10-A62A-4EB5D1B797EC}.Ad-Hoc|iPhoneSimulator.Build.0 = Debug|Any CPU
		{7882D2AC-BCC4-4C10-A62A-4EB5D1B797EC}.Ad-Hoc|x86.ActiveCfg = Release|x86
		{7882D2AC-BCC4-4C10-A62A-4EB5D1B797EC}.Ad-Hoc|x86.Build.0 = Release|x86
		{7882D2AC-BCC4-4C10-A62A-4EB5D1B797EC}.AppStore|Any CPU.ActiveCfg = Debug|Any CPU
		{7882D2AC-BCC4-4C10-A62A-4EB5D1B797EC}.AppStore|Any CPU.Build.0 = Debug|Any CPU
		{7882D2AC-BCC4-4C10-A62A-4EB5D1B797EC}.AppStore|iPhone.ActiveCfg = Release|Any CPU
		{7882D2AC-BCC4-4C10-A62A-4EB5D1B797EC}.AppStore|iPhone.Build.0 = Release|Any CPU
		{7882D2AC-BCC4-4C10-A62A-4EB5D1B797EC}.AppStore|iPhoneSimulator.ActiveCfg = Debug|Any CPU
		{7882D2AC-BCC4-4C10-A62A-4EB5D1B797EC}.AppStore|iPhoneSimulator.Build.0 = Debug|Any CPU
		{7882D2AC-BCC4-4C10-A62A-4EB5D1B797EC}.AppStore|x86.ActiveCfg = Release|x86
		{7882D2AC-BCC4-4C10-A62A-4EB5D1B797EC}.AppStore|x86.Build.0 = Release|x86
		{7882D2AC-BCC4-4C10-A62A-4EB5D1B797EC}.Debug|Any CPU.ActiveCfg = Debug|Any CPU
		{7882D2AC-BCC4-4C10-A62A-4EB5D1B797EC}.Debug|Any CPU.Build.0 = Debug|Any CPU
		{7882D2AC-BCC4-4C10-A62A-4EB5D1B797EC}.Debug|iPhone.ActiveCfg = Debug|Any CPU
		{7882D2AC-BCC4-4C10-A62A-4EB5D1B797EC}.Debug|iPhone.Build.0 = Debug|Any CPU
		{7882D2AC-BCC4-4C10-A62A-4EB5D1B797EC}.Debug|iPhoneSimulator.ActiveCfg = Debug|Any CPU
		{7882D2AC-BCC4-4C10-A62A-4EB5D1B797EC}.Debug|iPhoneSimulator.Build.0 = Debug|Any CPU
		{7882D2AC-BCC4-4C10-A62A-4EB5D1B797EC}.Debug|x86.ActiveCfg = Debug|x86
		{7882D2AC-BCC4-4C10-A62A-4EB5D1B797EC}.Debug|x86.Build.0 = Debug|x86
		{7882D2AC-BCC4-4C10-A62A-4EB5D1B797EC}.Distribution|Any CPU.ActiveCfg = Debug|Any CPU
		{7882D2AC-BCC4-4C10-A62A-4EB5D1B797EC}.Distribution|Any CPU.Build.0 = Debug|Any CPU
		{7882D2AC-BCC4-4C10-A62A-4EB5D1B797EC}.Distribution|iPhone.ActiveCfg = Release|Any CPU
		{7882D2AC-BCC4-4C10-A62A-4EB5D1B797EC}.Distribution|iPhone.Build.0 = Release|Any CPU
		{7882D2AC-BCC4-4C10-A62A-4EB5D1B797EC}.Distribution|iPhoneSimulator.ActiveCfg = Debug|Any CPU
		{7882D2AC-BCC4-4C10-A62A-4EB5D1B797EC}.Distribution|iPhoneSimulator.Build.0 = Debug|Any CPU
		{7882D2AC-BCC4-4C10-A62A-4EB5D1B797EC}.Distribution|x86.ActiveCfg = Debug|x86
		{7882D2AC-BCC4-4C10-A62A-4EB5D1B797EC}.Distribution|x86.Build.0 = Debug|x86
		{7882D2AC-BCC4-4C10-A62A-4EB5D1B797EC}.Release|Any CPU.ActiveCfg = Release|Any CPU
		{7882D2AC-BCC4-4C10-A62A-4EB5D1B797EC}.Release|Any CPU.Build.0 = Release|Any CPU
		{7882D2AC-BCC4-4C10-A62A-4EB5D1B797EC}.Release|iPhone.ActiveCfg = Release|Any CPU
		{7882D2AC-BCC4-4C10-A62A-4EB5D1B797EC}.Release|iPhone.Build.0 = Release|Any CPU
		{7882D2AC-BCC4-4C10-A62A-4EB5D1B797EC}.Release|iPhoneSimulator.ActiveCfg = Release|Any CPU
		{7882D2AC-BCC4-4C10-A62A-4EB5D1B797EC}.Release|iPhoneSimulator.Build.0 = Release|Any CPU
		{7882D2AC-BCC4-4C10-A62A-4EB5D1B797EC}.Release|x86.ActiveCfg = Release|x86
		{7882D2AC-BCC4-4C10-A62A-4EB5D1B797EC}.Release|x86.Build.0 = Release|x86
		{1939861C-30FB-46B7-8ACA-870F9D04BB62}.Ad-Hoc|Any CPU.ActiveCfg = Debug|Any CPU
		{1939861C-30FB-46B7-8ACA-870F9D04BB62}.Ad-Hoc|Any CPU.Build.0 = Debug|Any CPU
		{1939861C-30FB-46B7-8ACA-870F9D04BB62}.Ad-Hoc|iPhone.ActiveCfg = Release|Any CPU
		{1939861C-30FB-46B7-8ACA-870F9D04BB62}.Ad-Hoc|iPhone.Build.0 = Release|Any CPU
		{1939861C-30FB-46B7-8ACA-870F9D04BB62}.Ad-Hoc|iPhoneSimulator.ActiveCfg = Debug|Any CPU
		{1939861C-30FB-46B7-8ACA-870F9D04BB62}.Ad-Hoc|iPhoneSimulator.Build.0 = Debug|Any CPU
		{1939861C-30FB-46B7-8ACA-870F9D04BB62}.Ad-Hoc|x86.ActiveCfg = Release|x86
		{1939861C-30FB-46B7-8ACA-870F9D04BB62}.Ad-Hoc|x86.Build.0 = Release|x86
		{1939861C-30FB-46B7-8ACA-870F9D04BB62}.Ad-Hoc|x86.Deploy.0 = Release|x86
		{1939861C-30FB-46B7-8ACA-870F9D04BB62}.AppStore|Any CPU.ActiveCfg = Debug|Any CPU
		{1939861C-30FB-46B7-8ACA-870F9D04BB62}.AppStore|Any CPU.Build.0 = Debug|Any CPU
		{1939861C-30FB-46B7-8ACA-870F9D04BB62}.AppStore|iPhone.ActiveCfg = Release|Any CPU
		{1939861C-30FB-46B7-8ACA-870F9D04BB62}.AppStore|iPhone.Build.0 = Release|Any CPU
		{1939861C-30FB-46B7-8ACA-870F9D04BB62}.AppStore|iPhoneSimulator.ActiveCfg = Debug|Any CPU
		{1939861C-30FB-46B7-8ACA-870F9D04BB62}.AppStore|iPhoneSimulator.Build.0 = Debug|Any CPU
		{1939861C-30FB-46B7-8ACA-870F9D04BB62}.AppStore|x86.ActiveCfg = Release|x86
		{1939861C-30FB-46B7-8ACA-870F9D04BB62}.AppStore|x86.Build.0 = Release|x86
		{1939861C-30FB-46B7-8ACA-870F9D04BB62}.AppStore|x86.Deploy.0 = Release|x86
		{1939861C-30FB-46B7-8ACA-870F9D04BB62}.Debug|Any CPU.ActiveCfg = Debug|Any CPU
		{1939861C-30FB-46B7-8ACA-870F9D04BB62}.Debug|Any CPU.Build.0 = Debug|Any CPU
		{1939861C-30FB-46B7-8ACA-870F9D04BB62}.Debug|Any CPU.Deploy.0 = Debug|Any CPU
		{1939861C-30FB-46B7-8ACA-870F9D04BB62}.Debug|iPhone.ActiveCfg = Debug|Any CPU
		{1939861C-30FB-46B7-8ACA-870F9D04BB62}.Debug|iPhone.Build.0 = Debug|Any CPU
		{1939861C-30FB-46B7-8ACA-870F9D04BB62}.Debug|iPhoneSimulator.ActiveCfg = Debug|Any CPU
		{1939861C-30FB-46B7-8ACA-870F9D04BB62}.Debug|iPhoneSimulator.Build.0 = Debug|Any CPU
		{1939861C-30FB-46B7-8ACA-870F9D04BB62}.Debug|x86.ActiveCfg = Debug|x86
		{1939861C-30FB-46B7-8ACA-870F9D04BB62}.Debug|x86.Build.0 = Debug|x86
		{1939861C-30FB-46B7-8ACA-870F9D04BB62}.Debug|x86.Deploy.0 = Debug|x86
		{1939861C-30FB-46B7-8ACA-870F9D04BB62}.Distribution|Any CPU.ActiveCfg = Debug|Any CPU
		{1939861C-30FB-46B7-8ACA-870F9D04BB62}.Distribution|Any CPU.Build.0 = Debug|Any CPU
		{1939861C-30FB-46B7-8ACA-870F9D04BB62}.Distribution|iPhone.ActiveCfg = Release|Any CPU
		{1939861C-30FB-46B7-8ACA-870F9D04BB62}.Distribution|iPhone.Build.0 = Release|Any CPU
		{1939861C-30FB-46B7-8ACA-870F9D04BB62}.Distribution|iPhoneSimulator.ActiveCfg = Debug|Any CPU
		{1939861C-30FB-46B7-8ACA-870F9D04BB62}.Distribution|iPhoneSimulator.Build.0 = Debug|Any CPU
		{1939861C-30FB-46B7-8ACA-870F9D04BB62}.Distribution|x86.ActiveCfg = Debug|x86
		{1939861C-30FB-46B7-8ACA-870F9D04BB62}.Distribution|x86.Build.0 = Debug|x86
		{1939861C-30FB-46B7-8ACA-870F9D04BB62}.Distribution|x86.Deploy.0 = Debug|x86
		{1939861C-30FB-46B7-8ACA-870F9D04BB62}.Release|Any CPU.ActiveCfg = Release|Any CPU
		{1939861C-30FB-46B7-8ACA-870F9D04BB62}.Release|Any CPU.Build.0 = Release|Any CPU
		{1939861C-30FB-46B7-8ACA-870F9D04BB62}.Release|Any CPU.Deploy.0 = Release|Any CPU
		{1939861C-30FB-46B7-8ACA-870F9D04BB62}.Release|iPhone.ActiveCfg = Release|Any CPU
		{1939861C-30FB-46B7-8ACA-870F9D04BB62}.Release|iPhone.Build.0 = Release|Any CPU
		{1939861C-30FB-46B7-8ACA-870F9D04BB62}.Release|iPhoneSimulator.ActiveCfg = Release|Any CPU
		{1939861C-30FB-46B7-8ACA-870F9D04BB62}.Release|iPhoneSimulator.Build.0 = Release|Any CPU
		{1939861C-30FB-46B7-8ACA-870F9D04BB62}.Release|x86.ActiveCfg = Release|x86
		{1939861C-30FB-46B7-8ACA-870F9D04BB62}.Release|x86.Build.0 = Release|x86
		{1939861C-30FB-46B7-8ACA-870F9D04BB62}.Release|x86.Deploy.0 = Release|x86
	EndGlobalSection
	GlobalSection(SolutionProperties) = preSolution
		HideSolutionNode = FALSE
	EndGlobalSection
EndGlobal
